<?xml version="1.0" encoding="utf-8"?>
<Project ToolsVersion="4.0" xmlns="http://schemas.microsoft.com/developer/msbuild/2003">
  <ItemGroup>
    <ClCompile Include="main.cpp" />
    <ClCompile Include="Player.cpp">
      <Filter>reactiongame</Filter>
    </ClCompile>
    <ClCompile Include="ReactionGame.cpp">
      <Filter>reactiongame</Filter>
    </ClCompile>
    <ClCompile Include="PinConfig.cpp">
      <Filter>reactiongame</Filter>
    </ClCompile>
    <ClCompile Include="IDigitalInput.cpp">
      <Filter>piio</Filter>
    </ClCompile>
    <ClCompile Include="IDigitalOutput.cpp">
      <Filter>piio</Filter>
    </ClCompile>
    <ClCompile Include="PiDigitalInput.cpp">
      <Filter>piio</Filter>
    </ClCompile>
    <ClCompile Include="PiDigitalOutput.cpp">
      <Filter>piio</Filter>
    </ClCompile>
    <ClCompile Include="PiIoManager.cpp">
      <Filter>piio</Filter>
    </ClCompile>
    <ClCompile Include="PinHandle.cpp">
      <Filter>piio</Filter>
    </ClCompile>
  </ItemGroup>
  <ItemGroup>
    <ClInclude Include="ReactionGame.h">
      <Filter>reactiongame</Filter>
    </ClInclude>
    <ClInclude Include="Player.h">
      <Filter>reactiongame</Filter>
    </ClInclude>
    <ClInclude Include="PinConfig.h">
      <Filter>reactiongame</Filter>
    </ClInclude>
    <ClInclude Include="Enums.h">
      <Filter>piio</Filter>
    </ClInclude>
    <ClInclude Include="IDigitalInput.h">
      <Filter>piio</Filter>
    </ClInclude>
    <ClInclude Include="IDigitalOutput.h">
      <Filter>piio</Filter>
    </ClInclude>
    <ClInclude Include="PiDigitalInput.h">
      <Filter>piio</Filter>
    </ClInclude>
    <ClInclude Include="PiDigitalOutput.h">
      <Filter>piio</Filter>
    </ClInclude>
    <ClInclude Include="PiIoManager.h">
      <Filter>piio</Filter>
    </ClInclude>
    <ClInclude Include="Pin.h">
      <Filter>piio</Filter>
    </ClInclude>
    <ClInclude Include="PinHandle.h">
      <Filter>piio</Filter>
    </ClInclude>
  </ItemGroup>
  <ItemGroup>
    <Filter Include="reactiongame">
      <UniqueIdentifier>{0279fd06-0094-4128-a5a8-a4f37149f2cf}</UniqueIdentifier>
    </Filter>
    <Filter Include="piio">
      <UniqueIdentifier>{3872bde6-6ab1-4378-85f0-5cc2b57ecb9f}</UniqueIdentifier>
    </Filter>
  </ItemGroup>
</Project>